
Microsoft Visual Studio Solution File, Format Version 12.00
# Visual Studio Version 17
VisualStudioVersion = 17.0.32014.148
MinimumVisualStudioVersion = 10.0.40219.1
Project("{FAE04EC0-301F-11D3-BF4B-00C04F79EFBC}") = "EveAutomation", "EveAutomation\EveAutomation.csproj", "{3B03563D-2E6F-4BF9-A6BB-2903AE1022B2}"
EndProject
Global
	GlobalSection(SolutionConfigurationPlatforms) = preSolution
		Debug|Any CPU = Debug|Any CPU
		Release|Any CPU = Release|Any CPU
	EndGlobalSection
	GlobalSection(ProjectConfigurationPlatforms) = postSolution
		{3B03563D-2E6F-4BF9-A6BB-2903AE1022B2}.Debug|Any CPU.ActiveCfg = Debug|Any CPU
		{3B03563D-2E6F-4BF9-A6BB-2903AE1022B2}.Debug|Any CPU.Build.0 = Debug|Any CPU
		{3B03563D-2E6F-4BF9-A6BB-2903AE1022B2}.Release|Any CPU.ActiveCfg = Release|Any CPU
		{3B03563D-2E6F-4BF9-A6BB-2903AE1022B2}.Release|Any CPU.Build.0 = Release|Any CPU
	EndGlobalSection
	GlobalSection(SolutionProperties) = preSolution
		HideSolutionNode = FALSE
	EndGlobalSection
	GlobalSection(ExtensibilityGlobals) = postSolution
		SolutionGuid = {CF09D55B-6652-4F8C-8B0F-DC814C6A6B8D}
	EndGlobalSection
EndGlobal
